// !$*UTF8*$!
{
	archiveVersion = 1;
	classes = {
	};
	objectVersion = 56;
	objects = {

/* Begin PBXBuildFile section */
		4400199D2C96C26100BA61F9 /* PersistenceController.swift in Sources */ = {isa = PBXBuildFile; fileRef = 4400199C2C96C26100BA61F9 /* PersistenceController.swift */; };
		440019DE2C96F9FA00BA61F9 /* Config.plist in Resources */ = {isa = PBXBuildFile; fileRef = 440019DD2C96F9FA00BA61F9 /* Config.plist */; };
		44001A1B2C97066D00BA61F9 /* ChatView.swift in Sources */ = {isa = PBXBuildFile; fileRef = 44001A1A2C97066D00BA61F9 /* ChatView.swift */; };
		44001A1D2C97069000BA61F9 /* ChatViewModel.swift in Sources */ = {isa = PBXBuildFile; fileRef = 44001A1C2C97069000BA61F9 /* ChatViewModel.swift */; };
		44001A1F2C97071000BA61F9 /* APICaller.swift in Sources */ = {isa = PBXBuildFile; fileRef = 44001A1E2C97071000BA61F9 /* APICaller.swift */; };
		44439E962C96581000F3758B /* Hack24App.swift in Sources */ = {isa = PBXBuildFile; fileRef = 44439E952C96581000F3758B /* Hack24App.swift */; };
		44439E982C96581000F3758B /* ContentView.swift in Sources */ = {isa = PBXBuildFile; fileRef = 44439E972C96581000F3758B /* ContentView.swift */; };
		44439E9A2C96581000F3758B /* Item.swift in Sources */ = {isa = PBXBuildFile; fileRef = 44439E992C96581000F3758B /* Item.swift */; };
		44439E9C2C96581200F3758B /* Assets.xcassets in Resources */ = {isa = PBXBuildFile; fileRef = 44439E9B2C96581200F3758B /* Assets.xcassets */; };
		44439E9F2C96581200F3758B /* Preview Assets.xcassets in Resources */ = {isa = PBXBuildFile; fileRef = 44439E9E2C96581200F3758B /* Preview Assets.xcassets */; };
		44439EA92C96581200F3758B /* Hack24Tests.swift in Sources */ = {isa = PBXBuildFile; fileRef = 44439EA82C96581200F3758B /* Hack24Tests.swift */; };
		44439EB32C96581200F3758B /* Hack24UITests.swift in Sources */ = {isa = PBXBuildFile; fileRef = 44439EB22C96581200F3758B /* Hack24UITests.swift */; };
		44439EB52C96581200F3758B /* Hack24UITestsLaunchTests.swift in Sources */ = {isa = PBXBuildFile; fileRef = 44439EB42C96581200F3758B /* Hack24UITestsLaunchTests.swift */; };
		44439ECA2C96B3C100F3758B /* AuthViewModel.swift in Sources */ = {isa = PBXBuildFile; fileRef = 44439EC92C96B3C100F3758B /* AuthViewModel.swift */; };
		44B7585C2C96B51600175597 /* SignInView.swift in Sources */ = {isa = PBXBuildFile; fileRef = 44B7585B2C96B51600175597 /* SignInView.swift */; };
		44B7585E2C96B52F00175597 /* RegisterView.swift in Sources */ = {isa = PBXBuildFile; fileRef = 44B7585D2C96B52F00175597 /* RegisterView.swift */; };
		44B758602C96B5D500175597 /* HomePageView.swift in Sources */ = {isa = PBXBuildFile; fileRef = 44B7585F2C96B5D500175597 /* HomePageView.swift */; };
		44B758632C96B9C900175597 /* DataModel.xcdatamodeld in Sources */ = {isa = PBXBuildFile; fileRef = 44B758612C96B9C900175597 /* DataModel.xcdatamodeld */; };
/* End PBXBuildFile section */

/* Begin PBXContainerItemProxy section */
		44439EA52C96581200F3758B /* PBXContainerItemProxy */ = {
			isa = PBXContainerItemProxy;
			containerPortal = 44439E8A2C96581000F3758B /* Project object */;
			proxyType = 1;
			remoteGlobalIDString = 44439E912C96581000F3758B;
			remoteInfo = Hack24;
		};
		44439EAF2C96581200F3758B /* PBXContainerItemProxy */ = {
			isa = PBXContainerItemProxy;
			containerPortal = 44439E8A2C96581000F3758B /* Project object */;
			proxyType = 1;
			remoteGlobalIDString = 44439E912C96581000F3758B;
			remoteInfo = Hack24;
		};
/* End PBXContainerItemProxy section */

/* Begin PBXFileReference section */
		4400199C2C96C26100BA61F9 /* PersistenceController.swift */ = {isa = PBXFileReference; lastKnownFileType = sourcecode.swift; path = PersistenceController.swift; sourceTree = "<group>"; };
		440019DD2C96F9FA00BA61F9 /* Config.plist */ = {isa = PBXFileReference; lastKnownFileType = text.plist.xml; path = Config.plist; sourceTree = "<group>"; };
		44001A1A2C97066D00BA61F9 /* ChatView.swift */ = {isa = PBXFileReference; lastKnownFileType = sourcecode.swift; path = ChatView.swift; sourceTree = "<group>"; };
		44001A1C2C97069000BA61F9 /* ChatViewModel.swift */ = {isa = PBXFileReference; lastKnownFileType = sourcecode.swift; path = ChatViewModel.swift; sourceTree = "<group>"; };
		44001A1E2C97071000BA61F9 /* APICaller.swift */ = {isa = PBXFileReference; lastKnownFileType = sourcecode.swift; path = APICaller.swift; sourceTree = "<group>"; };
		44439E922C96581000F3758B /* Hack24.app */ = {isa = PBXFileReference; explicitFileType = wrapper.application; includeInIndex = 0; path = Hack24.app; sourceTree = BUILT_PRODUCTS_DIR; };
		44439E952C96581000F3758B /* Hack24App.swift */ = {isa = PBXFileReference; lastKnownFileType = sourcecode.swift; path = Hack24App.swift; sourceTree = "<group>"; };
		44439E972C96581000F3758B /* ContentView.swift */ = {isa = PBXFileReference; lastKnownFileType = sourcecode.swift; path = ContentView.swift; sourceTree = "<group>"; };
		44439E992C96581000F3758B /* Item.swift */ = {isa = PBXFileReference; lastKnownFileType = sourcecode.swift; path = Item.swift; sourceTree = "<group>"; };
		44439E9B2C96581200F3758B /* Assets.xcassets */ = {isa = PBXFileReference; lastKnownFileType = folder.assetcatalog; path = Assets.xcassets; sourceTree = "<group>"; };
		44439E9E2C96581200F3758B /* Preview Assets.xcassets */ = {isa = PBXFileReference; lastKnownFileType = folder.assetcatalog; path = "Preview Assets.xcassets"; sourceTree = "<group>"; };
		44439EA42C96581200F3758B /* Hack24Tests.xctest */ = {isa = PBXFileReference; explicitFileType = wrapper.cfbundle; includeInIndex = 0; path = Hack24Tests.xctest; sourceTree = BUILT_PRODUCTS_DIR; };
		44439EA82C96581200F3758B /* Hack24Tests.swift */ = {isa = PBXFileReference; lastKnownFileType = sourcecode.swift; path = Hack24Tests.swift; sourceTree = "<group>"; };
		44439EAE2C96581200F3758B /* Hack24UITests.xctest */ = {isa = PBXFileReference; explicitFileType = wrapper.cfbundle; includeInIndex = 0; path = Hack24UITests.xctest; sourceTree = BUILT_PRODUCTS_DIR; };
		44439EB22C96581200F3758B /* Hack24UITests.swift */ = {isa = PBXFileReference; lastKnownFileType = sourcecode.swift; path = Hack24UITests.swift; sourceTree = "<group>"; };
		44439EB42C96581200F3758B /* Hack24UITestsLaunchTests.swift */ = {isa = PBXFileReference; lastKnownFileType = sourcecode.swift; path = Hack24UITestsLaunchTests.swift; sourceTree = "<group>"; };
		44439EC92C96B3C100F3758B /* AuthViewModel.swift */ = {isa = PBXFileReference; lastKnownFileType = sourcecode.swift; path = AuthViewModel.swift; sourceTree = "<group>"; };
		44B7585B2C96B51600175597 /* SignInView.swift */ = {isa = PBXFileReference; lastKnownFileType = sourcecode.swift; path = SignInView.swift; sourceTree = "<group>"; };
		44B7585D2C96B52F00175597 /* RegisterView.swift */ = {isa = PBXFileReference; lastKnownFileType = sourcecode.swift; path = RegisterView.swift; sourceTree = "<group>"; };
		44B7585F2C96B5D500175597 /* HomePageView.swift */ = {isa = PBXFileReference; lastKnownFileType = sourcecode.swift; path = HomePageView.swift; sourceTree = "<group>"; };
		44B758622C96B9C900175597 /* DataModel.xcdatamodel */ = {isa = PBXFileReference; lastKnownFileType = wrapper.xcdatamodel; path = DataModel.xcdatamodel; sourceTree = "<group>"; };
/* End PBXFileReference section */

/* Begin PBXFrameworksBuildPhase section */
		44439E8F2C96581000F3758B /* Frameworks */ = {
			isa = PBXFrameworksBuildPhase;
			buildActionMask = 2147483647;
			files = (
			);
			runOnlyForDeploymentPostprocessing = 0;
		};
		44439EA12C96581200F3758B /* Frameworks */ = {
			isa = PBXFrameworksBuildPhase;
			buildActionMask = 2147483647;
			files = (
			);
			runOnlyForDeploymentPostprocessing = 0;
		};
		44439EAB2C96581200F3758B /* Frameworks */ = {
			isa = PBXFrameworksBuildPhase;
			buildActionMask = 2147483647;
			files = (
			);
			runOnlyForDeploymentPostprocessing = 0;
		};
/* End PBXFrameworksBuildPhase section */

/* Begin PBXGroup section */
		44439E892C96581000F3758B = {
			isa = PBXGroup;
			children = (
				44439E942C96581000F3758B /* Hack24 */,
				44439EA72C96581200F3758B /* Hack24Tests */,
				44439EB12C96581200F3758B /* Hack24UITests */,
				44439E932C96581000F3758B /* Products */,
			);
			sourceTree = "<group>";
		};
		44439E932C96581000F3758B /* Products */ = {
			isa = PBXGroup;
			children = (
				44439E922C96581000F3758B /* Hack24.app */,
				44439EA42C96581200F3758B /* Hack24Tests.xctest */,
				44439EAE2C96581200F3758B /* Hack24UITests.xctest */,
			);
			name = Products;
			sourceTree = "<group>";
		};
		44439E942C96581000F3758B /* Hack24 */ = {
			isa = PBXGroup;
			children = (
				440019DD2C96F9FA00BA61F9 /* Config.plist */,
				44B758612C96B9C900175597 /* DataModel.xcdatamodeld */,
				4400199C2C96C26100BA61F9 /* PersistenceController.swift */,
				44B7585B2C96B51600175597 /* SignInView.swift */,
				44439EC92C96B3C100F3758B /* AuthViewModel.swift */,
				44001A1A2C97066D00BA61F9 /* ChatView.swift */,
				44001A1C2C97069000BA61F9 /* ChatViewModel.swift */,
				44001A1E2C97071000BA61F9 /* APICaller.swift */,
				44B7585F2C96B5D500175597 /* HomePageView.swift */,
				44439E952C96581000F3758B /* Hack24App.swift */,
				44439E972C96581000F3758B /* ContentView.swift */,
				44B7585D2C96B52F00175597 /* RegisterView.swift */,
				44439E992C96581000F3758B /* Item.swift */,
				44439E9B2C96581200F3758B /* Assets.xcassets */,
				44439E9D2C96581200F3758B /* Preview Content */,
			);
			path = Hack24;
			sourceTree = "<group>";
		};
		44439E9D2C96581200F3758B /* Preview Content */ = {
			isa = PBXGroup;
			children = (
				44439E9E2C96581200F3758B /* Preview Assets.xcassets */,
			);
			path = "Preview Content";
			sourceTree = "<group>";
		};
		44439EA72C96581200F3758B /* Hack24Tests */ = {
			isa = PBXGroup;
			children = (
				44439EA82C96581200F3758B /* Hack24Tests.swift */,
			);
			path = Hack24Tests;
			sourceTree = "<group>";
		};
		44439EB12C96581200F3758B /* Hack24UITests */ = {
			isa = PBXGroup;
			children = (
				44439EB22C96581200F3758B /* Hack24UITests.swift */,
				44439EB42C96581200F3758B /* Hack24UITestsLaunchTests.swift */,
			);
			path = Hack24UITests;
			sourceTree = "<group>";
		};
/* End PBXGroup section */

/* Begin PBXNativeTarget section */
		44439E912C96581000F3758B /* Hack24 */ = {
			isa = PBXNativeTarget;
			buildConfigurationList = 44439EB82C96581200F3758B /* Build configuration list for PBXNativeTarget "Hack24" */;
			buildPhases = (
				44439E8E2C96581000F3758B /* Sources */,
				44439E8F2C96581000F3758B /* Frameworks */,
				44439E902C96581000F3758B /* Resources */,
			);
			buildRules = (
			);
			dependencies = (
			);
			name = Hack24;
			productName = Hack24;
			productReference = 44439E922C96581000F3758B /* Hack24.app */;
			productType = "com.apple.product-type.application";
		};
		44439EA32C96581200F3758B /* Hack24Tests */ = {
			isa = PBXNativeTarget;
			buildConfigurationList = 44439EBB2C96581200F3758B /* Build configuration list for PBXNativeTarget "Hack24Tests" */;
			buildPhases = (
				44439EA02C96581200F3758B /* Sources */,
				44439EA12C96581200F3758B /* Frameworks */,
				44439EA22C96581200F3758B /* Resources */,
			);
			buildRules = (
			);
			dependencies = (
				44439EA62C96581200F3758B /* PBXTargetDependency */,
			);
			name = Hack24Tests;
			productName = Hack24Tests;
			productReference = 44439EA42C96581200F3758B /* Hack24Tests.xctest */;
			productType = "com.apple.product-type.bundle.unit-test";
		};
		44439EAD2C96581200F3758B /* Hack24UITests */ = {
			isa = PBXNativeTarget;
			buildConfigurationList = 44439EBE2C96581200F3758B /* Build configuration list for PBXNativeTarget "Hack24UITests" */;
			buildPhases = (
				44439EAA2C96581200F3758B /* Sources */,
				44439EAB2C96581200F3758B /* Frameworks */,
				44439EAC2C96581200F3758B /* Resources */,
			);
			buildRules = (
			);
			dependencies = (
				44439EB02C96581200F3758B /* PBXTargetDependency */,
			);
			name = Hack24UITests;
			productName = Hack24UITests;
			productReference = 44439EAE2C96581200F3758B /* Hack24UITests.xctest */;
			productType = "com.apple.product-type.bundle.ui-testing";
		};
/* End PBXNativeTarget section */

/* Begin PBXProject section */
		44439E8A2C96581000F3758B /* Project object */ = {
			isa = PBXProject;
			attributes = {
				BuildIndependentTargetsInParallel = 1;
				LastSwiftUpdateCheck = 1540;
				LastUpgradeCheck = 1540;
				TargetAttributes = {
					44439E912C96581000F3758B = {
						CreatedOnToolsVersion = 15.4;
					};
					44439EA32C96581200F3758B = {
						CreatedOnToolsVersion = 15.4;
						TestTargetID = 44439E912C96581000F3758B;
					};
					44439EAD2C96581200F3758B = {
						CreatedOnToolsVersion = 15.4;
						TestTargetID = 44439E912C96581000F3758B;
					};
				};
			};
			buildConfigurationList = 44439E8D2C96581000F3758B /* Build configuration list for PBXProject "Hack24" */;
			compatibilityVersion = "Xcode 14.0";
			developmentRegion = en;
			hasScannedForEncodings = 0;
			knownRegions = (
				en,
				Base,
			);
			mainGroup = 44439E892C96581000F3758B;
			productRefGroup = 44439E932C96581000F3758B /* Products */;
			projectDirPath = "";
			projectRoot = "";
			targets = (
				44439E912C96581000F3758B /* Hack24 */,
				44439EA32C96581200F3758B /* Hack24Tests */,
				44439EAD2C96581200F3758B /* Hack24UITests */,
			);
		};
/* End PBXProject section */

/* Begin PBXResourcesBuildPhase section */
		44439E902C96581000F3758B /* Resources */ = {
			isa = PBXResourcesBuildPhase;
			buildActionMask = 2147483647;
			files = (
				44439E9F2C96581200F3758B /* Preview Assets.xcassets in Resources */,
				440019DE2C96F9FA00BA61F9 /* Config.plist in Resources */,
				44439E9C2C96581200F3758B /* Assets.xcassets in Resources */,
			);
			runOnlyForDeploymentPostprocessing = 0;
		};
		44439EA22C96581200F3758B /* Resources */ = {
			isa = PBXResourcesBuildPhase;
			buildActionMask = 2147483647;
			files = (
			);
			runOnlyForDeploymentPostprocessing = 0;
		};
		44439EAC2C96581200F3758B /* Resources */ = {
			isa = PBXResourcesBuildPhase;
			buildActionMask = 2147483647;
			files = (
			);
			runOnlyForDeploymentPostprocessing = 0;
		};
/* End PBXResourcesBuildPhase section */

/* Begin PBXSourcesBuildPhase section */
		44439E8E2C96581000F3758B /* Sources */ = {
			isa = PBXSourcesBuildPhase;
			buildActionMask = 2147483647;
			files = (
				4400199D2C96C26100BA61F9 /* PersistenceController.swift in Sources */,
				44439ECA2C96B3C100F3758B /* AuthViewModel.swift in Sources */,
				44001A1B2C97066D00BA61F9 /* ChatView.swift in Sources */,
				44B758632C96B9C900175597 /* DataModel.xcdatamodeld in Sources */,
				44439E982C96581000F3758B /* ContentView.swift in Sources */,
				44439E9A2C96581000F3758B /* Item.swift in Sources */,
				44B7585E2C96B52F00175597 /* RegisterView.swift in Sources */,
				44001A1F2C97071000BA61F9 /* APICaller.swift in Sources */,
				44439E962C96581000F3758B /* Hack24App.swift in Sources */,
				44B758602C96B5D500175597 /* HomePageView.swift in Sources */,
				44001A1D2C97069000BA61F9 /* ChatViewModel.swift in Sources */,
				44B7585C2C96B51600175597 /* SignInView.swift in Sources */,
			);
			runOnlyForDeploymentPostprocessing = 0;
		};
		44439EA02C96581200F3758B /* Sources */ = {
			isa = PBXSourcesBuildPhase;
			buildActionMask = 2147483647;
			files = (
				44439EA92C96581200F3758B /* Hack24Tests.swift in Sources */,
			);
			runOnlyForDeploymentPostprocessing = 0;
		};
		44439EAA2C96581200F3758B /* Sources */ = {
			isa = PBXSourcesBuildPhase;
			buildActionMask = 2147483647;
			files = (
				44439EB32C96581200F3758B /* Hack24UITests.swift in Sources */,
				44439EB52C96581200F3758B /* Hack24UITestsLaunchTests.swift in Sources */,
			);
			runOnlyForDeploymentPostprocessing = 0;
		};
/* End PBXSourcesBuildPhase section */

/* Begin PBXTargetDependency section */
		44439EA62C96581200F3758B /* PBXTargetDependency */ = {
			isa = PBXTargetDependency;
			target = 44439E912C96581000F3758B /* Hack24 */;
			targetProxy = 44439EA52C96581200F3758B /* PBXContainerItemProxy */;
		};
		44439EB02C96581200F3758B /* PBXTargetDependency */ = {
			isa = PBXTargetDependency;
			target = 44439E912C96581000F3758B /* Hack24 */;
			targetProxy = 44439EAF2C96581200F3758B /* PBXContainerItemProxy */;
		};
/* End PBXTargetDependency section */

/* Begin XCBuildConfiguration section */
		44439EB62C96581200F3758B /* Debug */ = {
			isa = XCBuildConfiguration;
			buildSettings = {
				ALWAYS_SEARCH_USER_PATHS = NO;
				ASSETCATALOG_COMPILER_GENERATE_SWIFT_ASSET_SYMBOL_EXTENSIONS = YES;
				CLANG_ANALYZER_NONNULL = YES;
				CLANG_ANALYZER_NUMBER_OBJECT_CONVERSION = YES_AGGRESSIVE;
				CLANG_CXX_LANGUAGE_STANDARD = "gnu++20";
				CLANG_ENABLE_MODULES = YES;
				CLANG_ENABLE_OBJC_ARC = YES;
				CLANG_ENABLE_OBJC_WEAK = YES;
				CLANG_WARN_BLOCK_CAPTURE_AUTORELEASING = YES;
				CLANG_WARN_BOOL_CONVERSION = YES;
				CLANG_WARN_COMMA = YES;
				CLANG_WARN_CONSTANT_CONVERSION = YES;
				CLANG_WARN_DEPRECATED_OBJC_IMPLEMENTATIONS = YES;
				CLANG_WARN_DIRECT_OBJC_ISA_USAGE = YES_ERROR;
				CLANG_WARN_DOCUMENTATION_COMMENTS = YES;
				CLANG_WARN_EMPTY_BODY = YES;
				CLANG_WARN_ENUM_CONVERSION = YES;
				CLANG_WARN_INFINITE_RECURSION = YES;
				CLANG_WARN_INT_CONVERSION = YES;
				CLANG_WARN_NON_LITERAL_NULL_CONVERSION = YES;
				CLANG_WARN_OBJC_IMPLICIT_RETAIN_SELF = YES;
				CLANG_WARN_OBJC_LITERAL_CONVERSION = YES;
				CLANG_WARN_OBJC_ROOT_CLASS = YES_ERROR;
				CLANG_WARN_QUOTED_INCLUDE_IN_FRAMEWORK_HEADER = YES;
				CLANG_WARN_RANGE_LOOP_ANALYSIS = YES;
				CLANG_WARN_STRICT_PROTOTYPES = YES;
				CLANG_WARN_SUSPICIOUS_MOVE = YES;
				CLANG_WARN_UNGUARDED_AVAILABILITY = YES_AGGRESSIVE;
				CLANG_WARN_UNREACHABLE_CODE = YES;
				CLANG_WARN__DUPLICATE_METHOD_MATCH = YES;
				COPY_PHASE_STRIP = NO;
				DEBUG_INFORMATION_FORMAT = dwarf;
				ENABLE_STRICT_OBJC_MSGSEND = YES;
				ENABLE_TESTABILITY = YES;
				ENABLE_USER_SCRIPT_SANDBOXING = YES;
				GCC_C_LANGUAGE_STANDARD = gnu17;
				GCC_DYNAMIC_NO_PIC = NO;
				GCC_NO_COMMON_BLOCKS = YES;
				GCC_OPTIMIZATION_LEVEL = 0;
				GCC_PREPROCESSOR_DEFINITIONS = (
					"DEBUG=1",
					"$(inherited)",
				);
				GCC_WARN_64_TO_32_BIT_CONVERSION = YES;
				GCC_WARN_ABOUT_RETURN_TYPE = YES_ERROR;
				GCC_WARN_UNDECLARED_SELECTOR = YES;
				GCC_WARN_UNINITIALIZED_AUTOS = YES_AGGRESSIVE;
				GCC_WARN_UNUSED_FUNCTION = YES;
				GCC_WARN_UNUSED_VARIABLE = YES;
				IPHONEOS_DEPLOYMENT_TARGET = 17.5;
				LOCALIZATION_PREFERS_STRING_CATALOGS = YES;
				MTL_ENABLE_DEBUG_INFO = INCLUDE_SOURCE;
				MTL_FAST_MATH = YES;
				ONLY_ACTIVE_ARCH = YES;
				SDKROOT = iphoneos;
				SWIFT_ACTIVE_COMPILATION_CONDITIONS = "DEBUG $(inherited)";
				SWIFT_OPTIMIZATION_LEVEL = "-Onone";
			};
			name = Debug;
		};
		44439EB72C96581200F3758B /* Release */ = {
			isa = XCBuildConfiguration;
			buildSettings = {
				ALWAYS_SEARCH_USER_PATHS = NO;
				ASSETCATALOG_COMPILER_GENERATE_SWIFT_ASSET_SYMBOL_EXTENSIONS = YES;
				CLANG_ANALYZER_NONNULL = YES;
				CLANG_ANALYZER_NUMBER_OBJECT_CONVERSION = YES_AGGRESSIVE;
				CLANG_CXX_LANGUAGE_STANDARD = "gnu++20";
				CLANG_ENABLE_MODULES = YES;
				CLANG_ENABLE_OBJC_ARC = YES;
				CLANG_ENABLE_OBJC_WEAK = YES;
				CLANG_WARN_BLOCK_CAPTURE_AUTORELEASING = YES;
				CLANG_WARN_BOOL_CONVERSION = YES;
				CLANG_WARN_COMMA = YES;
				CLANG_WARN_CONSTANT_CONVERSION = YES;
				CLANG_WARN_DEPRECATED_OBJC_IMPLEMENTATIONS = YES;
				CLANG_WARN_DIRECT_OBJC_ISA_USAGE = YES_ERROR;
				CLANG_WARN_DOCUMENTATION_COMMENTS = YES;
				CLANG_WARN_EMPTY_BODY = YES;
				CLANG_WARN_ENUM_CONVERSION = YES;
				CLANG_WARN_INFINITE_RECURSION = YES;
				CLANG_WARN_INT_CONVERSION = YES;
				CLANG_WARN_NON_LITERAL_NULL_CONVERSION = YES;
				CLANG_WARN_OBJC_IMPLICIT_RETAIN_SELF = YES;
				CLANG_WARN_OBJC_LITERAL_CONVERSION = YES;
				CLANG_WARN_OBJC_ROOT_CLASS = YES_ERROR;
				CLANG_WARN_QUOTED_INCLUDE_IN_FRAMEWORK_HEADER = YES;
				CLANG_WARN_RANGE_LOOP_ANALYSIS = YES;
				CLANG_WARN_STRICT_PROTOTYPES = YES;
				CLANG_WARN_SUSPICIOUS_MOVE = YES;
				CLANG_WARN_UNGUARDED_AVAILABILITY = YES_AGGRESSIVE;
				CLANG_WARN_UNREACHABLE_CODE = YES;
				CLANG_WARN__DUPLICATE_METHOD_MATCH = YES;
				COPY_PHASE_STRIP = NO;
				DEBUG_INFORMATION_FORMAT = "dwarf-with-dsym";
				ENABLE_NS_ASSERTIONS = NO;
				ENABLE_STRICT_OBJC_MSGSEND = YES;
				ENABLE_USER_SCRIPT_SANDBOXING = YES;
				GCC_C_LANGUAGE_STANDARD = gnu17;
				GCC_NO_COMMON_BLOCKS = YES;
				GCC_WARN_64_TO_32_BIT_CONVERSION = YES;
				GCC_WARN_ABOUT_RETURN_TYPE = YES_ERROR;
				GCC_WARN_UNDECLARED_SELECTOR = YES;
				GCC_WARN_UNINITIALIZED_AUTOS = YES_AGGRESSIVE;
				GCC_WARN_UNUSED_FUNCTION = YES;
				GCC_WARN_UNUSED_VARIABLE = YES;
				IPHONEOS_DEPLOYMENT_TARGET = 17.5;
				LOCALIZATION_PREFERS_STRING_CATALOGS = YES;
				MTL_ENABLE_DEBUG_INFO = NO;
				MTL_FAST_MATH = YES;
				SDKROOT = iphoneos;
				SWIFT_COMPILATION_MODE = wholemodule;
				VALIDATE_PRODUCT = YES;
			};
			name = Release;
		};
		44439EB92C96581200F3758B /* Debug */ = {
			isa = XCBuildConfiguration;
			buildSettings = {
				ASSETCATALOG_COMPILER_APPICON_NAME = AppIcon;
				ASSETCATALOG_COMPILER_GLOBAL_ACCENT_COLOR_NAME = AccentColor;
				CODE_SIGN_STYLE = Automatic;
				CURRENT_PROJECT_VERSION = 1;
				DEVELOPMENT_ASSET_PATHS = "\"Hack24/Preview Content\"";
				ENABLE_PREVIEWS = YES;
				GENERATE_INFOPLIST_FILE = YES;
				INFOPLIST_KEY_UIApplicationSceneManifest_Generation = YES;
				INFOPLIST_KEY_UIApplicationSupportsIndirectInputEvents = YES;
				INFOPLIST_KEY_UILaunchScreen_Generation = YES;
				INFOPLIST_KEY_UISupportedInterfaceOrientations_iPad = "UIInterfaceOrientationPortrait UIInterfaceOrientationPortraitUpsideDown UIInterfaceOrientationLandscapeLeft UIInterfaceOrientationLandscapeRight";
				INFOPLIST_KEY_UISupportedInterfaceOrientations_iPhone = "UIInterfaceOrientationPortrait UIInterfaceOrientationLandscapeLeft UIInterfaceOrientationLandscapeRight";
				LD_RUNPATH_SEARCH_PATHS = (
					"$(inherited)",
					"@executable_path/Frameworks",
				);
				MARKETING_VERSION = 1.0;
				PRODUCT_BUNDLE_IDENTIFIER = Terry.js.Hack24;
				PRODUCT_NAME = "$(TARGET_NAME)";
				SWIFT_EMIT_LOC_STRINGS = YES;
				SWIFT_VERSION = 5.0;
				TARGETED_DEVICE_FAMILY = "1,2";
			};
			name = Debug;
		};
		44439EBA2C96581200F3758B /* Release */ = {
			isa = XCBuildConfiguration;
			buildSettings = {
				ASSETCATALOG_COMPILER_APPICON_NAME = AppIcon;
				ASSETCATALOG_COMPILER_GLOBAL_ACCENT_COLOR_NAME = AccentColor;
				CODE_SIGN_STYLE = Automatic;
				CURRENT_PROJECT_VERSION = 1;
				DEVELOPMENT_ASSET_PATHS = "\"Hack24/Preview Content\"";
				ENABLE_PREVIEWS = YES;
				GENERATE_INFOPLIST_FILE = YES;
				INFOPLIST_KEY_UIApplicationSceneManifest_Generation = YES;
				INFOPLIST_KEY_UIApplicationSupportsIndirectInputEvents = YES;
				INFOPLIST_KEY_UILaunchScreen_Generation = YES;
				INFOPLIST_KEY_UISupportedInterfaceOrientations_iPad = "UIInterfaceOrientationPortrait UIInterfaceOrientationPortraitUpsideDown UIInterfaceOrientationLandscapeLeft UIInterfaceOrientationLandscapeRight";
				INFOPLIST_KEY_UISupportedInterfaceOrientations_iPhone = "UIInterfaceOrientationPortrait UIInterfaceOrientationLandscapeLeft UIInterfaceOrientationLandscapeRight";
				LD_RUNPATH_SEARCH_PATHS = (
					"$(inherited)",
					"@executable_path/Frameworks",
				);
				MARKETING_VERSION = 1.0;
				PRODUCT_BUNDLE_IDENTIFIER = Terry.js.Hack24;
				PRODUCT_NAME = "$(TARGET_NAME)";
				SWIFT_EMIT_LOC_STRINGS = YES;
				SWIFT_VERSION = 5.0;
				TARGETED_DEVICE_FAMILY = "1,2";
			};
			name = Release;
		};
		44439EBC2C96581200F3758B /* Debug */ = {
			isa = XCBuildConfiguration;
			buildSettings = {
				ALWAYS_EMBED_SWIFT_STANDARD_LIBRARIES = YES;
				BUNDLE_LOADER = "$(TEST_HOST)";
				CODE_SIGN_STYLE = Automatic;
				CURRENT_PROJECT_VERSION = 1;
				GENERATE_INFOPLIST_FILE = YES;
				IPHONEOS_DEPLOYMENT_TARGET = 17.5;
				MARKETING_VERSION = 1.0;
				PRODUCT_BUNDLE_IDENTIFIER = Terry.js.Hack24Tests;
				PRODUCT_NAME = "$(TARGET_NAME)";
				SWIFT_EMIT_LOC_STRINGS = NO;
				SWIFT_VERSION = 5.0;
				TARGETED_DEVICE_FAMILY = "1,2";
				TEST_HOST = "$(BUILT_PRODUCTS_DIR)/Hack24.app/$(BUNDLE_EXECUTABLE_FOLDER_PATH)/Hack24";
			};
			name = Debug;
		};
		44439EBD2C96581200F3758B /* Release */ = {
			isa = XCBuildConfiguration;
			buildSettings = {
				ALWAYS_EMBED_SWIFT_STANDARD_LIBRARIES = YES;
				BUNDLE_LOADER = "$(TEST_HOST)";
				CODE_SIGN_STYLE = Automatic;
				CURRENT_PROJECT_VERSION = 1;
				GENERATE_INFOPLIST_FILE = YES;
				IPHONEOS_DEPLOYMENT_TARGET = 17.5;
				MARKETING_VERSION = 1.0;
				PRODUCT_BUNDLE_IDENTIFIER = Terry.js.Hack24Tests;
				PRODUCT_NAME = "$(TARGET_NAME)";
				SWIFT_EMIT_LOC_STRINGS = NO;
				SWIFT_VERSION = 5.0;
				TARGETED_DEVICE_FAMILY = "1,2";
				TEST_HOST = "$(BUILT_PRODUCTS_DIR)/Hack24.app/$(BUNDLE_EXECUTABLE_FOLDER_PATH)/Hack24";
			};
			name = Release;
		};
		44439EBF2C96581200F3758B /* Debug */ = {
			isa = XCBuildConfiguration;
			buildSettings = {
				ALWAYS_EMBED_SWIFT_STANDARD_LIBRARIES = YES;
				CODE_SIGN_STYLE = Automatic;
				CURRENT_PROJECT_VERSION = 1;
				GENERATE_INFOPLIST_FILE = YES;
				MARKETING_VERSION = 1.0;
				PRODUCT_BUNDLE_IDENTIFIER = Terry.js.Hack24UITests;
				PRODUCT_NAME = "$(TARGET_NAME)";
				SWIFT_EMIT_LOC_STRINGS = NO;
				SWIFT_VERSION = 5.0;
				TARGETED_DEVICE_FAMILY = "1,2";
				TEST_TARGET_NAME = Hack24;
			};
			name = Debug;
		};
		44439EC02C96581200F3758B /* Release */ = {
			isa = XCBuildConfiguration;
			buildSettings = {
				ALWAYS_EMBED_SWIFT_STANDARD_LIBRARIES = YES;
				CODE_SIGN_STYLE = Automatic;
				CURRENT_PROJECT_VERSION = 1;
				GENERATE_INFOPLIST_FILE = YES;
				MARKETING_VERSION = 1.0;
				PRODUCT_BUNDLE_IDENTIFIER = Terry.js.Hack24UITests;
				PRODUCT_NAME = "$(TARGET_NAME)";
				SWIFT_EMIT_LOC_STRINGS = NO;
				SWIFT_VERSION = 5.0;
				TARGETED_DEVICE_FAMILY = "1,2";
				TEST_TARGET_NAME = Hack24;
			};
			name = Release;
		};
/* End XCBuildConfiguration section */

/* Begin XCConfigurationList section */
		44439E8D2C96581000F3758B /* Build configuration list for PBXProject "Hack24" */ = {
			isa = XCConfigurationList;
			buildConfigurations = (
				44439EB62C96581200F3758B /* Debug */,
				44439EB72C96581200F3758B /* Release */,
			);
			defaultConfigurationIsVisible = 0;
			defaultConfigurationName = Release;
		};
		44439EB82C96581200F3758B /* Build configuration list for PBXNativeTarget "Hack24" */ = {
			isa = XCConfigurationList;
			buildConfigurations = (
				44439EB92C96581200F3758B /* Debug */,
				44439EBA2C96581200F3758B /* Release */,
			);
			defaultConfigurationIsVisible = 0;
			defaultConfigurationName = Release;
		};
		44439EBB2C96581200F3758B /* Build configuration list for PBXNativeTarget "Hack24Tests" */ = {
			isa = XCConfigurationList;
			buildConfigurations = (
				44439EBC2C96581200F3758B /* Debug */,
				44439EBD2C96581200F3758B /* Release */,
			);
			defaultConfigurationIsVisible = 0;
			defaultConfigurationName = Release;
		};
		44439EBE2C96581200F3758B /* Build configuration list for PBXNativeTarget "Hack24UITests" */ = {
			isa = XCConfigurationList;
			buildConfigurations = (
				44439EBF2C96581200F3758B /* Debug */,
				44439EC02C96581200F3758B /* Release */,
			);
			defaultConfigurationIsVisible = 0;
			defaultConfigurationName = Release;
		};
/* End XCConfigurationList section */

/* Begin XCVersionGroup section */
		44B758612C96B9C900175597 /* DataModel.xcdatamodeld */ = {
			isa = XCVersionGroup;
			children = (
				44B758622C96B9C900175597 /* DataModel.xcdatamodel */,
			);
			currentVersion = 44B758622C96B9C900175597 /* DataModel.xcdatamodel */;
			name = DataModel.xcdatamodeld;
			path = /Users/pato/Documents/HackMty_24/Hack24/DataModel.xcdatamodeld;
			sourceTree = "<group>";
			versionGroupType = wrapper.xcdatamodel;
		};
/* End XCVersionGroup section */
	};
	rootObject = 44439E8A2C96581000F3758B /* Project object */;
}
